// !$*UTF8*$!
{
	archiveVersion = 1;
	classes = {
	};
	objectVersion = 46;
	objects = {

/* Begin PBXBuildFile section */
		D9793F7D1CD2320C003E7EF1 /* main.m in Sources */ = {isa = PBXBuildFile; fileRef = D9793F7C1CD2320C003E7EF1 /* main.m */; };
/* End PBXBuildFile section */

/* Begin PBXContainerItemProxy section */
		D9793F9F1CD23222003E7EF1 /* PBXContainerItemProxy */ = {
			isa = PBXContainerItemProxy;
			containerPortal = D9793F9B1CD23221003E7EF1 /* Temple7.xcodeproj */;
			proxyType = 2;
			remoteGlobalIDString = D9793F921CD23221003E7EF1;
			remoteInfo = Temple7;
		};
/* End PBXContainerItemProxy section */

/* Begin PBXCopyFilesBuildPhase section */
		D9793F771CD2320C003E7EF1 /* CopyFiles */ = {
			isa = PBXCopyFilesBuildPhase;
			buildActionMask = 2147483647;
			dstPath = /usr/share/man/man1/;
			dstSubfolderSpec = 0;
			files = (
			);
			runOnlyForDeploymentPostprocessing = 1;
		};
/* End PBXCopyFilesBuildPhase section */

/* Begin PBXFileReference section */
		D9793F791CD2320C003E7EF1 /* Temple6Command */ = {isa = PBXFileReference; explicitFileType = "compiled.mach-o.executable"; includeInIndex = 0; path = Temple6Command; sourceTree = BUILT_PRODUCTS_DIR; };
		D9793F7C1CD2320C003E7EF1 /* main.m */ = {isa = PBXFileReference; lastKnownFileType = sourcecode.c.objc; path = main.m; sourceTree = "<group>"; };
		D9793F9B1CD23221003E7EF1 /* Temple7.xcodeproj */ = {isa = PBXFileReference; lastKnownFileType = "wrapper.pb-project"; name = Temple7.xcodeproj; path = Temple7/Temple7.xcodeproj; sourceTree = "<group>"; };
/* End PBXFileReference section */

/* Begin PBXFrameworksBuildPhase section */
		D9793F761CD2320C003E7EF1 /* Frameworks */ = {
			isa = PBXFrameworksBuildPhase;
			buildActionMask = 2147483647;
			files = (
			);
			runOnlyForDeploymentPostprocessing = 0;
		};
/* End PBXFrameworksBuildPhase section */

/* Begin PBXGroup section */
		D9793F701CD2320C003E7EF1 = {
			isa = PBXGroup;
			children = (
				D9793F9B1CD23221003E7EF1 /* Temple7.xcodeproj */,
				D9793F7B1CD2320C003E7EF1 /* Temple6Command */,
				D9793F7A1CD2320C003E7EF1 /* Products */,
			);
			sourceTree = "<group>";
		};
		D9793F7A1CD2320C003E7EF1 /* Products */ = {
			isa = PBXGroup;
			children = (
				D9793F791CD2320C003E7EF1 /* Temple6Command */,
			);
			name = Products;
			sourceTree = "<group>";
		};
		D9793F7B1CD2320C003E7EF1 /* Temple6Command */ = {
			isa = PBXGroup;
			children = (
				D9793F7C1CD2320C003E7EF1 /* main.m */,
			);
			path = Temple6Command;
			sourceTree = "<group>";
		};
		D9793F9C1CD23221003E7EF1 /* Products */ = {
			isa = PBXGroup;
			children = (
				D9793FA01CD23222003E7EF1 /* Temple7.bundle */,
			);
			name = Products;
			sourceTree = "<group>";
		};
/* End PBXGroup section */

/* Begin PBXNativeTarget section */
		D9793F781CD2320C003E7EF1 /* Temple6Command */ = {
			isa = PBXNativeTarget;
			buildConfigurationList = D9793F801CD2320C003E7EF1 /* Build configuration list for PBXNativeTarget "Temple6Command" */;
			buildPhases = (
				D9793F751CD2320C003E7EF1 /* Sources */,
				D9793F761CD2320C003E7EF1 /* Frameworks */,
				D9793F771CD2320C003E7EF1 /* CopyFiles */,
			);
			buildRules = (
			);
			dependencies = (
			);
			name = Temple6Command;
			productName = Temple6Command;
			productReference = D9793F791CD2320C003E7EF1 /* Temple6Command */;
			productType = "com.apple.product-type.tool";
		};
/* End PBXNativeTarget section */

/* Begin PBXProject section */
		D9793F711CD2320C003E7EF1 /* Project object */ = {
			isa = PBXProject;
			attributes = {
				LastUpgradeCheck = 0730;
				ORGANIZATIONNAME = WWDC;
				TargetAttributes = {
					D9793F781CD2320C003E7EF1 = {
						CreatedOnToolsVersion = 7.3;
					};
				};
			};
			buildConfigurationList = D9793F741CD2320C003E7EF1 /* Build configuration list for PBXProject "Temple6Command" */;
			compatibilityVersion = "Xcode 3.2";
			developmentRegion = English;
			hasScannedForEncodings = 0;
			knownRegions = (
				en,
			);
			mainGroup = D9793F701CD2320C003E7EF1;
			productRefGroup = D9793F7A1CD2320C003E7EF1 /* Products */;
			projectDirPath = "";
			projectReferences = (
				{
					ProductGroup = D9793F9C1CD23221003E7EF1 /* Products */;
					ProjectRef = D9793F9B1CD23221003E7EF1 /* Temple7.xcodeproj */;
				},
			);
			projectRoot = "";
			targets = (
				D9793F781CD2320C003E7EF1 /* Temple6Command */,
			);
		};
/* End PBXProject section */

/* Begin PBXReferenceProxy section */
		D9793FA01CD23222003E7EF1 /* Temple7.bundle */ = {
			isa = PBXReferenceProxy;
			fileType = wrapper.cfbundle;
			path = Temple7.bundle;
			remoteRef = D9793F9F1CD23222003E7EF1 /* PBXContainerItemProxy */;
			sourceTree = BUILT_PRODUCTS_DIR;
		};
/* End PBXReferenceProxy section */

/* Begin PBXSourcesBuildPhase section */
		D9793F751CD2320C003E7EF1 /* Sources */ = {
			isa = PBXSourcesBuildPhase;
			buildActionMask = 2147483647;
			files = (
				D9793F7D1CD2320C003E7EF1 /* main.m in Sources */,
			);
			runOnlyForDeploymentPostprocessing = 0;
		};
/* End PBXSourcesBuildPhase section */

/* Begin XCBuildConfiguration section */
		D9793F7E1CD2320C003E7EF1 /* Debug */ = {
			isa = XCBuildConfiguration;
			buildSettings = {
				ALWAYS_SEARCH_USER_PATHS = NO;
				CLANG_ANALYZER_NONNULL = YES;
				CLANG_CXX_LANGUAGE_STANDARD = "gnu++0x";
				CLANG_CXX_LIBRARY = "libc++";
				CLANG_ENABLE_MODULES = YES;
				CLANG_ENABLE_OBJC_ARC = YES;
				CLANG_WARN_BOOL_CONVERSION = YES;
				CLANG_WARN_CONSTANT_CONVERSION = YES;
				CLANG_WARN_DIRECT_OBJC_ISA_USAGE = YES_ERROR;
				CLANG_WARN_EMPTY_BODY = YES;
				CLANG_WARN_ENUM_CONVERSION = YES;
				CLANG_WARN_INT_CONVERSION = YES;
				CLANG_WARN_OBJC_ROOT_CLASS = YES_ERROR;
				CLANG_WARN_UNREACHABLE_CODE = YES;
				CLANG_WARN__DUPLICATE_METHOD_MATCH = YES;
				CODE_SIGN_IDENTITY = "-";
				COPY_PHASE_STRIP = NO;
				DEBUG_INFORMATION_FORMAT = dwarf;
				ENABLE_STRICT_OBJC_MSGSEND = YES;
				ENABLE_TESTABILITY = YES;
				GCC_C_LANGUAGE_STANDARD = gnu99;
				GCC_DYNAMIC_NO_PIC = NO;
				GCC_NO_COMMON_BLOCKS = YES;
				GCC_OPTIMIZATION_LEVEL = 0;
				GCC_PREPROCESSOR_DEFINITIONS = (
					"DEBUG=1",
					"$(inherited)",
				);
				GCC_WARN_64_TO_32_BIT_CONVERSION = YES;
				GCC_WARN_ABOUT_RETURN_TYPE = YES_ERROR;
				GCC_WARN_UNDECLARED_SELECTOR = YES;
				GCC_WARN_UNINITIALIZED_AUTOS = YES_AGGRESSIVE;
				GCC_WARN_UNUSED_FUNCTION = YES;
				GCC_WARN_UNUSED_VARIABLE = YES;
				MACOSX_DEPLOYMENT_TARGET = 10.11;
				MTL_ENABLE_DEBUG_INFO = YES;
				ONLY_ACTIVE_ARCH = YES;
				SDKROOT = macosx;
			};
			name = Debug;
		};
		D9793F7F1CD2320C003E7EF1 /* Release */ = {
			isa = XCBuildConfiguration;
			buildSettings = {
				ALWAYS_SEARCH_USER_PATHS = NO;
				CLANG_ANALYZER_NONNULL = YES;
				CLANG_CXX_LANGUAGE_STANDARD = "gnu++0x";
				CLANG_CXX_LIBRARY = "libc++";
				CLANG_ENABLE_MODULES = YES;
				CLANG_ENABLE_OBJC_ARC = YES;
				CLANG_WARN_BOOL_CONVERSION = YES;
				CLANG_WARN_CONSTANT_CONVERSION = YES;
				CLANG_WARN_DIRECT_OBJC_ISA_USAGE = YES_ERROR;
				CLANG_WARN_EMPTY_BODY = YES;
				CLANG_WARN_ENUM_CONVERSION = YES;
				CLANG_WARN_INT_CONVERSION = YES;
				CLANG_WARN_OBJC_ROOT_CLASS = YES_ERROR;
				CLANG_WARN_UNREACHABLE_CODE = YES;
				CLANG_WARN__DUPLICATE_METHOD_MATCH = YES;
				CODE_SIGN_IDENTITY = "-";
				COPY_PHASE_STRIP = NO;
				DEBUG_INFORMATION_FORMAT = "dwarf-with-dsym";
				ENABLE_NS_ASSERTIONS = NO;
				ENABLE_STRICT_OBJC_MSGSEND = YES;
				GCC_C_LANGUAGE_STANDARD = gnu99;
				GCC_NO_COMMON_BLOCKS = YES;
				GCC_WARN_64_TO_32_BIT_CONVERSION = YES;
				GCC_WARN_ABOUT_RETURN_TYPE = YES_ERROR;
				GCC_WARN_UNDECLARED_SELECTOR = YES;
				GCC_WARN_UNINITIALIZED_AUTOS = YES_AGGRESSIVE;
				GCC_WARN_UNUSED_FUNCTION = YES;
				GCC_WARN_UNUSED_VARIABLE = YES;
				MACOSX_DEPLOYMENT_TARGET = 10.11;
				MTL_ENABLE_DEBUG_INFO = NO;
				SDKROOT = macosx;
			};
			name = Release;
		};
		D9793F811CD2320C003E7EF1 /* Debug */ = {
			isa = XCBuildConfiguration;
			buildSettings = {
				PRODUCT_NAME = "$(TARGET_NAME)";
			};
			name = Debug;
		};
		D9793F821CD2320C003E7EF1 /* Release */ = {
			isa = XCBuildConfiguration;
			buildSettings = {
				PRODUCT_NAME = "$(TARGET_NAME)";
			};
			name = Release;
		};
/* End XCBuildConfiguration section */

/* Begin XCConfigurationList section */
		D9793F741CD2320C003E7EF1 /* Build configuration list for PBXProject "Temple6Command" */ = {
			isa = XCConfigurationList;
			buildConfigurations = (
				D9793F7E1CD2320C003E7EF1 /* Debug */,
				D9793F7F1CD2320C003E7EF1 /* Release */,
			);
			defaultConfigurationIsVisible = 0;
			defaultConfigurationName = Release;
		};
		D9793F801CD2320C003E7EF1 /* Build configuration list for PBXNativeTarget "Temple6Command" */ = {
			isa = XCConfigurationList;
			buildConfigurations = (
				D9793F811CD2320C003E7EF1 /* Debug */,
				D9793F821CD2320C003E7EF1 /* Release */,
			);
			defaultConfigurationIsVisible = 0;
		};
/* End XCConfigurationList section */
	};
	rootObject = D9793F711CD2320C003E7EF1 /* Project object */;
}
