// !$*UTF8*$!
{
	archiveVersion = 1;
	classes = {
	};
	objectVersion = 46;
	objects = {

/* Begin PBXBuildFile section */
		D9793EB91CD2319D003E7EF1 /* main.m in Sources */ = {isa = PBXBuildFile; fileRef = D9793EB81CD2319D003E7EF1 /* main.m */; };
		D9793EBC1CD2319D003E7EF1 /* AppDelegate.m in Sources */ = {isa = PBXBuildFile; fileRef = D9793EBB1CD2319D003E7EF1 /* AppDelegate.m */; };
		D9793EBF1CD2319D003E7EF1 /* ViewController7.m in Sources */ = {isa = PBXBuildFile; fileRef = D9793EBE1CD2319D003E7EF1 /* ViewController7.m */; };
		D9793EC21CD2319D003E7EF1 /* Main.storyboard in Resources */ = {isa = PBXBuildFile; fileRef = D9793EC01CD2319D003E7EF1 /* Main.storyboard */; };
		D9793EC41CD2319D003E7EF1 /* Assets.xcassets in Resources */ = {isa = PBXBuildFile; fileRef = D9793EC31CD2319D003E7EF1 /* Assets.xcassets */; };
		D9793EC71CD2319D003E7EF1 /* LaunchScreen.storyboard in Resources */ = {isa = PBXBuildFile; fileRef = D9793EC51CD2319D003E7EF1 /* LaunchScreen.storyboard */; };
		D9793FA31CD24F86003E7EF1 /* PrintClass.m in Sources */ = {isa = PBXBuildFile; fileRef = D9793FA21CD24F86003E7EF1 /* PrintClass.m */; };
		D9793FA61CD2504D003E7EF1 /* SampleClass.m in Sources */ = {isa = PBXBuildFile; fileRef = D9793FA51CD2504D003E7EF1 /* SampleClass.m */; };
/* End PBXBuildFile section */

/* Begin PBXContainerItemProxy section */
		D9793EFB1CD231AC003E7EF1 /* PBXContainerItemProxy */ = {
			isa = PBXContainerItemProxy;
			containerPortal = D9793EF71CD231AB003E7EF1 /* Temple2.xcodeproj */;
			proxyType = 2;
			remoteGlobalIDString = D9793ED71CD231AB003E7EF1;
			remoteInfo = Temple2;
		};
/* End PBXContainerItemProxy section */

/* Begin PBXFileReference section */
		D9793EB41CD2319D003E7EF1 /* Temple1.app */ = {isa = PBXFileReference; explicitFileType = wrapper.application; includeInIndex = 0; path = Temple1.app; sourceTree = BUILT_PRODUCTS_DIR; };
		D9793EB81CD2319D003E7EF1 /* main.m */ = {isa = PBXFileReference; lastKnownFileType = sourcecode.c.objc; path = main.m; sourceTree = "<group>"; };
		D9793EBA1CD2319D003E7EF1 /* AppDelegate.h */ = {isa = PBXFileReference; lastKnownFileType = sourcecode.c.h; path = AppDelegate.h; sourceTree = "<group>"; };
		D9793EBB1CD2319D003E7EF1 /* AppDelegate.m */ = {isa = PBXFileReference; lastKnownFileType = sourcecode.c.objc; path = AppDelegate.m; sourceTree = "<group>"; };
		D9793EBD1CD2319D003E7EF1 /* ViewController7.h */ = {isa = PBXFileReference; lastKnownFileType = sourcecode.c.h; path = ViewController7.h; sourceTree = "<group>"; };
		D9793EBE1CD2319D003E7EF1 /* ViewController7.m */ = {isa = PBXFileReference; lastKnownFileType = sourcecode.c.objc; path = ViewController7.m; sourceTree = "<group>"; };
		D9793EC11CD2319D003E7EF1 /* Base */ = {isa = PBXFileReference; lastKnownFileType = file.storyboard; name = Base; path = Base.lproj/Main.storyboard; sourceTree = "<group>"; };
		D9793EC31CD2319D003E7EF1 /* Assets.xcassets */ = {isa = PBXFileReference; lastKnownFileType = folder.assetcatalog; path = Assets.xcassets; sourceTree = "<group>"; };
		D9793EC61CD2319D003E7EF1 /* Base */ = {isa = PBXFileReference; lastKnownFileType = file.storyboard; name = Base; path = Base.lproj/LaunchScreen.storyboard; sourceTree = "<group>"; };
		D9793EC81CD2319D003E7EF1 /* Info.plist */ = {isa = PBXFileReference; lastKnownFileType = text.plist.xml; path = Info.plist; sourceTree = "<group>"; };
		D9793EF71CD231AB003E7EF1 /* Temple2.xcodeproj */ = {isa = PBXFileReference; lastKnownFileType = "wrapper.pb-project"; name = Temple2.xcodeproj; path = Temple2/Temple2.xcodeproj; sourceTree = "<group>"; };
		D9793FA11CD24F86003E7EF1 /* PrintClass.h */ = {isa = PBXFileReference; fileEncoding = 4; lastKnownFileType = sourcecode.c.h; path = PrintClass.h; sourceTree = "<group>"; };
		D9793FA21CD24F86003E7EF1 /* PrintClass.m */ = {isa = PBXFileReference; fileEncoding = 4; lastKnownFileType = sourcecode.c.objc; path = PrintClass.m; sourceTree = "<group>"; };
		D9793FA41CD2504D003E7EF1 /* SampleClass.h */ = {isa = PBXFileReference; fileEncoding = 4; lastKnownFileType = sourcecode.c.h; path = SampleClass.h; sourceTree = "<group>"; };
		D9793FA51CD2504D003E7EF1 /* SampleClass.m */ = {isa = PBXFileReference; fileEncoding = 4; lastKnownFileType = sourcecode.c.objc; path = SampleClass.m; sourceTree = "<group>"; };
/* End PBXFileReference section */

/* Begin PBXFrameworksBuildPhase section */
		D9793EB11CD2319D003E7EF1 /* Frameworks */ = {
			isa = PBXFrameworksBuildPhase;
			buildActionMask = 2147483647;
			files = (
			);
			runOnlyForDeploymentPostprocessing = 0;
		};
/* End PBXFrameworksBuildPhase section */

/* Begin PBXGroup section */
		D9793EAB1CD2319D003E7EF1 = {
			isa = PBXGroup;
			children = (
				D9793EF71CD231AB003E7EF1 /* Temple2.xcodeproj */,
				D9793EB61CD2319D003E7EF1 /* Temple1 */,
				D9793EB51CD2319D003E7EF1 /* Products */,
			);
			sourceTree = "<group>";
		};
		D9793EB51CD2319D003E7EF1 /* Products */ = {
			isa = PBXGroup;
			children = (
				D9793EB41CD2319D003E7EF1 /* Temple1.app */,
			);
			name = Products;
			sourceTree = "<group>";
		};
		D9793EB61CD2319D003E7EF1 /* Temple1 */ = {
			isa = PBXGroup;
			children = (
				D9793EBA1CD2319D003E7EF1 /* AppDelegate.h */,
				D9793EBB1CD2319D003E7EF1 /* AppDelegate.m */,
				D9793EBD1CD2319D003E7EF1 /* ViewController7.h */,
				D9793EBE1CD2319D003E7EF1 /* ViewController7.m */,
				D9793EC01CD2319D003E7EF1 /* Main.storyboard */,
				D9793EC31CD2319D003E7EF1 /* Assets.xcassets */,
				D9793EC51CD2319D003E7EF1 /* LaunchScreen.storyboard */,
				D9793EC81CD2319D003E7EF1 /* Info.plist */,
				D9793EB71CD2319D003E7EF1 /* Supporting Files */,
				D9793FA11CD24F86003E7EF1 /* PrintClass.h */,
				D9793FA21CD24F86003E7EF1 /* PrintClass.m */,
			);
			path = Temple1;
			sourceTree = "<group>";
		};
		D9793EB71CD2319D003E7EF1 /* Supporting Files */ = {
			isa = PBXGroup;
			children = (
				D9793EB81CD2319D003E7EF1 /* main.m */,
				D9793FA41CD2504D003E7EF1 /* SampleClass.h */,
				D9793FA51CD2504D003E7EF1 /* SampleClass.m */,
			);
			name = "Supporting Files";
			sourceTree = "<group>";
		};
		D9793EF81CD231AB003E7EF1 /* Products */ = {
			isa = PBXGroup;
			children = (
				D9793EFC1CD231AC003E7EF1 /* Temple2.app */,
			);
			name = Products;
			sourceTree = "<group>";
		};
/* End PBXGroup section */

/* Begin PBXNativeTarget section */
		D9793EB31CD2319D003E7EF1 /* Temple1 */ = {
			isa = PBXNativeTarget;
			buildConfigurationList = D9793ECB1CD2319D003E7EF1 /* Build configuration list for PBXNativeTarget "Temple1" */;
			buildPhases = (
				D9793EB01CD2319D003E7EF1 /* Sources */,
				D9793EB11CD2319D003E7EF1 /* Frameworks */,
				D9793EB21CD2319D003E7EF1 /* Resources */,
			);
			buildRules = (
			);
			dependencies = (
			);
			name = Temple1;
			productName = Temple1;
			productReference = D9793EB41CD2319D003E7EF1 /* Temple1.app */;
			productType = "com.apple.product-type.application";
		};
/* End PBXNativeTarget section */

/* Begin PBXProject section */
		D9793EAC1CD2319D003E7EF1 /* Project object */ = {
			isa = PBXProject;
			attributes = {
				LastUpgradeCheck = 0730;
				ORGANIZATIONNAME = WWDC;
				TargetAttributes = {
					D9793EB31CD2319D003E7EF1 = {
						CreatedOnToolsVersion = 7.3;
					};
				};
			};
			buildConfigurationList = D9793EAF1CD2319D003E7EF1 /* Build configuration list for PBXProject "Temple1" */;
			compatibilityVersion = "Xcode 3.2";
			developmentRegion = English;
			hasScannedForEncodings = 0;
			knownRegions = (
				en,
				Base,
			);
			mainGroup = D9793EAB1CD2319D003E7EF1;
			productRefGroup = D9793EB51CD2319D003E7EF1 /* Products */;
			projectDirPath = "";
			projectReferences = (
				{
					ProductGroup = D9793EF81CD231AB003E7EF1 /* Products */;
					ProjectRef = D9793EF71CD231AB003E7EF1 /* Temple2.xcodeproj */;
				},
			);
			projectRoot = "";
			targets = (
				D9793EB31CD2319D003E7EF1 /* Temple1 */,
			);
		};
/* End PBXProject section */

/* Begin PBXReferenceProxy section */
		D9793EFC1CD231AC003E7EF1 /* Temple2.app */ = {
			isa = PBXReferenceProxy;
			fileType = wrapper.application;
			path = Temple2.app;
			remoteRef = D9793EFB1CD231AC003E7EF1 /* PBXContainerItemProxy */;
			sourceTree = BUILT_PRODUCTS_DIR;
		};
/* End PBXReferenceProxy section */

/* Begin PBXResourcesBuildPhase section */
		D9793EB21CD2319D003E7EF1 /* Resources */ = {
			isa = PBXResourcesBuildPhase;
			buildActionMask = 2147483647;
			files = (
				D9793EC71CD2319D003E7EF1 /* LaunchScreen.storyboard in Resources */,
				D9793EC41CD2319D003E7EF1 /* Assets.xcassets in Resources */,
				D9793EC21CD2319D003E7EF1 /* Main.storyboard in Resources */,
			);
			runOnlyForDeploymentPostprocessing = 0;
		};
/* End PBXResourcesBuildPhase section */

/* Begin PBXSourcesBuildPhase section */
		D9793EB01CD2319D003E7EF1 /* Sources */ = {
			isa = PBXSourcesBuildPhase;
			buildActionMask = 2147483647;
			files = (
				D9793EBF1CD2319D003E7EF1 /* ViewController7.m in Sources */,
				D9793FA61CD2504D003E7EF1 /* SampleClass.m in Sources */,
				D9793EBC1CD2319D003E7EF1 /* AppDelegate.m in Sources */,
				D9793FA31CD24F86003E7EF1 /* PrintClass.m in Sources */,
				D9793EB91CD2319D003E7EF1 /* main.m in Sources */,
			);
			runOnlyForDeploymentPostprocessing = 0;
		};
/* End PBXSourcesBuildPhase section */

/* Begin PBXVariantGroup section */
		D9793EC01CD2319D003E7EF1 /* Main.storyboard */ = {
			isa = PBXVariantGroup;
			children = (
				D9793EC11CD2319D003E7EF1 /* Base */,
			);
			name = Main.storyboard;
			sourceTree = "<group>";
		};
		D9793EC51CD2319D003E7EF1 /* LaunchScreen.storyboard */ = {
			isa = PBXVariantGroup;
			children = (
				D9793EC61CD2319D003E7EF1 /* Base */,
			);
			name = LaunchScreen.storyboard;
			sourceTree = "<group>";
		};
/* End PBXVariantGroup section */

/* Begin XCBuildConfiguration section */
		D9793EC91CD2319D003E7EF1 /* Debug */ = {
			isa = XCBuildConfiguration;
			buildSettings = {
				ALWAYS_SEARCH_USER_PATHS = NO;
				CLANG_ANALYZER_NONNULL = YES;
				CLANG_CXX_LANGUAGE_STANDARD = "gnu++0x";
				CLANG_CXX_LIBRARY = "libc++";
				CLANG_ENABLE_MODULES = YES;
				CLANG_ENABLE_OBJC_ARC = YES;
				CLANG_WARN_BOOL_CONVERSION = YES;
				CLANG_WARN_CONSTANT_CONVERSION = YES;
				CLANG_WARN_DIRECT_OBJC_ISA_USAGE = YES_ERROR;
				CLANG_WARN_EMPTY_BODY = YES;
				CLANG_WARN_ENUM_CONVERSION = YES;
				CLANG_WARN_INT_CONVERSION = YES;
				CLANG_WARN_OBJC_ROOT_CLASS = YES_ERROR;
				CLANG_WARN_UNREACHABLE_CODE = YES;
				CLANG_WARN__DUPLICATE_METHOD_MATCH = YES;
				"CODE_SIGN_IDENTITY[sdk=iphoneos*]" = "iPhone Developer";
				COPY_PHASE_STRIP = NO;
				DEBUG_INFORMATION_FORMAT = dwarf;
				ENABLE_STRICT_OBJC_MSGSEND = YES;
				ENABLE_TESTABILITY = YES;
				GCC_C_LANGUAGE_STANDARD = gnu99;
				GCC_DYNAMIC_NO_PIC = NO;
				GCC_NO_COMMON_BLOCKS = YES;
				GCC_OPTIMIZATION_LEVEL = 0;
				GCC_PREPROCESSOR_DEFINITIONS = (
					"DEBUG=1",
					"$(inherited)",
				);
				GCC_WARN_64_TO_32_BIT_CONVERSION = YES;
				GCC_WARN_ABOUT_RETURN_TYPE = YES_ERROR;
				GCC_WARN_UNDECLARED_SELECTOR = YES;
				GCC_WARN_UNINITIALIZED_AUTOS = YES_AGGRESSIVE;
				GCC_WARN_UNUSED_FUNCTION = YES;
				GCC_WARN_UNUSED_VARIABLE = YES;
				IPHONEOS_DEPLOYMENT_TARGET = 9.3;
				MTL_ENABLE_DEBUG_INFO = YES;
				ONLY_ACTIVE_ARCH = YES;
				SDKROOT = iphoneos;
			};
			name = Debug;
		};
		D9793ECA1CD2319D003E7EF1 /* Release */ = {
			isa = XCBuildConfiguration;
			buildSettings = {
				ALWAYS_SEARCH_USER_PATHS = NO;
				CLANG_ANALYZER_NONNULL = YES;
				CLANG_CXX_LANGUAGE_STANDARD = "gnu++0x";
				CLANG_CXX_LIBRARY = "libc++";
				CLANG_ENABLE_MODULES = YES;
				CLANG_ENABLE_OBJC_ARC = YES;
				CLANG_WARN_BOOL_CONVERSION = YES;
				CLANG_WARN_CONSTANT_CONVERSION = YES;
				CLANG_WARN_DIRECT_OBJC_ISA_USAGE = YES_ERROR;
				CLANG_WARN_EMPTY_BODY = YES;
				CLANG_WARN_ENUM_CONVERSION = YES;
				CLANG_WARN_INT_CONVERSION = YES;
				CLANG_WARN_OBJC_ROOT_CLASS = YES_ERROR;
				CLANG_WARN_UNREACHABLE_CODE = YES;
				CLANG_WARN__DUPLICATE_METHOD_MATCH = YES;
				"CODE_SIGN_IDENTITY[sdk=iphoneos*]" = "iPhone Developer";
				COPY_PHASE_STRIP = NO;
				DEBUG_INFORMATION_FORMAT = "dwarf-with-dsym";
				ENABLE_NS_ASSERTIONS = NO;
				ENABLE_STRICT_OBJC_MSGSEND = YES;
				GCC_C_LANGUAGE_STANDARD = gnu99;
				GCC_NO_COMMON_BLOCKS = YES;
				GCC_WARN_64_TO_32_BIT_CONVERSION = YES;
				GCC_WARN_ABOUT_RETURN_TYPE = YES_ERROR;
				GCC_WARN_UNDECLARED_SELECTOR = YES;
				GCC_WARN_UNINITIALIZED_AUTOS = YES_AGGRESSIVE;
				GCC_WARN_UNUSED_FUNCTION = YES;
				GCC_WARN_UNUSED_VARIABLE = YES;
				IPHONEOS_DEPLOYMENT_TARGET = 9.3;
				MTL_ENABLE_DEBUG_INFO = NO;
				SDKROOT = iphoneos;
				VALIDATE_PRODUCT = YES;
			};
			name = Release;
		};
		D9793ECC1CD2319D003E7EF1 /* Debug */ = {
			isa = XCBuildConfiguration;
			buildSettings = {
				ASSETCATALOG_COMPILER_APPICON_NAME = AppIcon;
				INFOPLIST_FILE = Temple1/Info.plist;
				LD_RUNPATH_SEARCH_PATHS = "$(inherited) @executable_path/Frameworks";
				PRODUCT_BUNDLE_IDENTIFIER = com.kumar.Temple1;
				PRODUCT_NAME = "$(TARGET_NAME)";
			};
			name = Debug;
		};
		D9793ECD1CD2319D003E7EF1 /* Release */ = {
			isa = XCBuildConfiguration;
			buildSettings = {
				ASSETCATALOG_COMPILER_APPICON_NAME = AppIcon;
				INFOPLIST_FILE = Temple1/Info.plist;
				LD_RUNPATH_SEARCH_PATHS = "$(inherited) @executable_path/Frameworks";
				PRODUCT_BUNDLE_IDENTIFIER = com.kumar.Temple1;
				PRODUCT_NAME = "$(TARGET_NAME)";
			};
			name = Release;
		};
/* End XCBuildConfiguration section */

/* Begin XCConfigurationList section */
		D9793EAF1CD2319D003E7EF1 /* Build configuration list for PBXProject "Temple1" */ = {
			isa = XCConfigurationList;
			buildConfigurations = (
				D9793EC91CD2319D003E7EF1 /* Debug */,
				D9793ECA1CD2319D003E7EF1 /* Release */,
			);
			defaultConfigurationIsVisible = 0;
			defaultConfigurationName = Release;
		};
		D9793ECB1CD2319D003E7EF1 /* Build configuration list for PBXNativeTarget "Temple1" */ = {
			isa = XCConfigurationList;
			buildConfigurations = (
				D9793ECC1CD2319D003E7EF1 /* Debug */,
				D9793ECD1CD2319D003E7EF1 /* Release */,
			);
			defaultConfigurationIsVisible = 0;
			defaultConfigurationName = Release;
		};
/* End XCConfigurationList section */
	};
	rootObject = D9793EAC1CD2319D003E7EF1 /* Project object */;
}
