// !$*UTF8*$!
{
	archiveVersion = 1;
	classes = {
	};
	objectVersion = 46;
	objects = {

/* Begin PBXBuildFile section */
		D9793F0B1CD231C8003E7EF1 /* main.m in Sources */ = {isa = PBXBuildFile; fileRef = D9793F0A1CD231C8003E7EF1 /* main.m */; };
		D9793F0E1CD231C8003E7EF1 /* AppDelegate.m in Sources */ = {isa = PBXBuildFile; fileRef = D9793F0D1CD231C8003E7EF1 /* AppDelegate.m */; };
		D9793F111CD231C8003E7EF1 /* MasterViewController.m in Sources */ = {isa = PBXBuildFile; fileRef = D9793F101CD231C8003E7EF1 /* MasterViewController.m */; };
		D9793F141CD231C8003E7EF1 /* DetailViewController.m in Sources */ = {isa = PBXBuildFile; fileRef = D9793F131CD231C8003E7EF1 /* DetailViewController.m */; };
		D9793F171CD231C8003E7EF1 /* Main.storyboard in Resources */ = {isa = PBXBuildFile; fileRef = D9793F151CD231C8003E7EF1 /* Main.storyboard */; };
		D9793F191CD231C8003E7EF1 /* Assets.xcassets in Resources */ = {isa = PBXBuildFile; fileRef = D9793F181CD231C8003E7EF1 /* Assets.xcassets */; };
		D9793F1C1CD231C8003E7EF1 /* LaunchScreen.storyboard in Resources */ = {isa = PBXBuildFile; fileRef = D9793F1A1CD231C8003E7EF1 /* LaunchScreen.storyboard */; };
/* End PBXBuildFile section */

/* Begin PBXContainerItemProxy section */
		D9793F531CD231DE003E7EF1 /* PBXContainerItemProxy */ = {
			isa = PBXContainerItemProxy;
			containerPortal = D9793F4F1CD231DD003E7EF1 /* Temple4Tabbed.xcodeproj */;
			proxyType = 2;
			remoteGlobalIDString = D9793F321CD231DD003E7EF1;
			remoteInfo = Temple4Tabbed;
		};
/* End PBXContainerItemProxy section */

/* Begin PBXFileReference section */
		D9793F061CD231C8003E7EF1 /* Temple3.app */ = {isa = PBXFileReference; explicitFileType = wrapper.application; includeInIndex = 0; path = Temple3.app; sourceTree = BUILT_PRODUCTS_DIR; };
		D9793F0A1CD231C8003E7EF1 /* main.m */ = {isa = PBXFileReference; lastKnownFileType = sourcecode.c.objc; path = main.m; sourceTree = "<group>"; };
		D9793F0C1CD231C8003E7EF1 /* AppDelegate.h */ = {isa = PBXFileReference; lastKnownFileType = sourcecode.c.h; path = AppDelegate.h; sourceTree = "<group>"; };
		D9793F0D1CD231C8003E7EF1 /* AppDelegate.m */ = {isa = PBXFileReference; lastKnownFileType = sourcecode.c.objc; path = AppDelegate.m; sourceTree = "<group>"; };
		D9793F0F1CD231C8003E7EF1 /* MasterViewController.h */ = {isa = PBXFileReference; lastKnownFileType = sourcecode.c.h; path = MasterViewController.h; sourceTree = "<group>"; };
		D9793F101CD231C8003E7EF1 /* MasterViewController.m */ = {isa = PBXFileReference; lastKnownFileType = sourcecode.c.objc; path = MasterViewController.m; sourceTree = "<group>"; };
		D9793F121CD231C8003E7EF1 /* DetailViewController.h */ = {isa = PBXFileReference; lastKnownFileType = sourcecode.c.h; path = DetailViewController.h; sourceTree = "<group>"; };
		D9793F131CD231C8003E7EF1 /* DetailViewController.m */ = {isa = PBXFileReference; lastKnownFileType = sourcecode.c.objc; path = DetailViewController.m; sourceTree = "<group>"; };
		D9793F161CD231C8003E7EF1 /* Base */ = {isa = PBXFileReference; lastKnownFileType = file.storyboard; name = Base; path = Base.lproj/Main.storyboard; sourceTree = "<group>"; };
		D9793F181CD231C8003E7EF1 /* Assets.xcassets */ = {isa = PBXFileReference; lastKnownFileType = folder.assetcatalog; path = Assets.xcassets; sourceTree = "<group>"; };
		D9793F1B1CD231C8003E7EF1 /* Base */ = {isa = PBXFileReference; lastKnownFileType = file.storyboard; name = Base; path = Base.lproj/LaunchScreen.storyboard; sourceTree = "<group>"; };
		D9793F1D1CD231C8003E7EF1 /* Info.plist */ = {isa = PBXFileReference; lastKnownFileType = text.plist.xml; path = Info.plist; sourceTree = "<group>"; };
		D9793F4F1CD231DD003E7EF1 /* Temple4Tabbed.xcodeproj */ = {isa = PBXFileReference; lastKnownFileType = "wrapper.pb-project"; name = Temple4Tabbed.xcodeproj; path = Temple4Tabbed/Temple4Tabbed.xcodeproj; sourceTree = "<group>"; };
/* End PBXFileReference section */

/* Begin PBXFrameworksBuildPhase section */
		D9793F031CD231C8003E7EF1 /* Frameworks */ = {
			isa = PBXFrameworksBuildPhase;
			buildActionMask = 2147483647;
			files = (
			);
			runOnlyForDeploymentPostprocessing = 0;
		};
/* End PBXFrameworksBuildPhase section */

/* Begin PBXGroup section */
		D9793EFD1CD231C8003E7EF1 = {
			isa = PBXGroup;
			children = (
				D9793F4F1CD231DD003E7EF1 /* Temple4Tabbed.xcodeproj */,
				D9793F081CD231C8003E7EF1 /* Temple3 */,
				D9793F071CD231C8003E7EF1 /* Products */,
			);
			sourceTree = "<group>";
		};
		D9793F071CD231C8003E7EF1 /* Products */ = {
			isa = PBXGroup;
			children = (
				D9793F061CD231C8003E7EF1 /* Temple3.app */,
			);
			name = Products;
			sourceTree = "<group>";
		};
		D9793F081CD231C8003E7EF1 /* Temple3 */ = {
			isa = PBXGroup;
			children = (
				D9793F0C1CD231C8003E7EF1 /* AppDelegate.h */,
				D9793F0D1CD231C8003E7EF1 /* AppDelegate.m */,
				D9793F0F1CD231C8003E7EF1 /* MasterViewController.h */,
				D9793F101CD231C8003E7EF1 /* MasterViewController.m */,
				D9793F121CD231C8003E7EF1 /* DetailViewController.h */,
				D9793F131CD231C8003E7EF1 /* DetailViewController.m */,
				D9793F151CD231C8003E7EF1 /* Main.storyboard */,
				D9793F181CD231C8003E7EF1 /* Assets.xcassets */,
				D9793F1A1CD231C8003E7EF1 /* LaunchScreen.storyboard */,
				D9793F1D1CD231C8003E7EF1 /* Info.plist */,
				D9793F091CD231C8003E7EF1 /* Supporting Files */,
			);
			path = Temple3;
			sourceTree = "<group>";
		};
		D9793F091CD231C8003E7EF1 /* Supporting Files */ = {
			isa = PBXGroup;
			children = (
				D9793F0A1CD231C8003E7EF1 /* main.m */,
			);
			name = "Supporting Files";
			sourceTree = "<group>";
		};
		D9793F501CD231DD003E7EF1 /* Products */ = {
			isa = PBXGroup;
			children = (
				D9793F541CD231DE003E7EF1 /* Temple4Tabbed.app */,
			);
			name = Products;
			sourceTree = "<group>";
		};
/* End PBXGroup section */

/* Begin PBXNativeTarget section */
		D9793F051CD231C8003E7EF1 /* Temple3 */ = {
			isa = PBXNativeTarget;
			buildConfigurationList = D9793F201CD231C8003E7EF1 /* Build configuration list for PBXNativeTarget "Temple3" */;
			buildPhases = (
				D9793F021CD231C8003E7EF1 /* Sources */,
				D9793F031CD231C8003E7EF1 /* Frameworks */,
				D9793F041CD231C8003E7EF1 /* Resources */,
			);
			buildRules = (
			);
			dependencies = (
			);
			name = Temple3;
			productName = Temple3;
			productReference = D9793F061CD231C8003E7EF1 /* Temple3.app */;
			productType = "com.apple.product-type.application";
		};
/* End PBXNativeTarget section */

/* Begin PBXProject section */
		D9793EFE1CD231C8003E7EF1 /* Project object */ = {
			isa = PBXProject;
			attributes = {
				LastUpgradeCheck = 0730;
				ORGANIZATIONNAME = WWDC;
				TargetAttributes = {
					D9793F051CD231C8003E7EF1 = {
						CreatedOnToolsVersion = 7.3;
					};
				};
			};
			buildConfigurationList = D9793F011CD231C8003E7EF1 /* Build configuration list for PBXProject "Temple3" */;
			compatibilityVersion = "Xcode 3.2";
			developmentRegion = English;
			hasScannedForEncodings = 0;
			knownRegions = (
				en,
				Base,
			);
			mainGroup = D9793EFD1CD231C8003E7EF1;
			productRefGroup = D9793F071CD231C8003E7EF1 /* Products */;
			projectDirPath = "";
			projectReferences = (
				{
					ProductGroup = D9793F501CD231DD003E7EF1 /* Products */;
					ProjectRef = D9793F4F1CD231DD003E7EF1 /* Temple4Tabbed.xcodeproj */;
				},
			);
			projectRoot = "";
			targets = (
				D9793F051CD231C8003E7EF1 /* Temple3 */,
			);
		};
/* End PBXProject section */

/* Begin PBXReferenceProxy section */
		D9793F541CD231DE003E7EF1 /* Temple4Tabbed.app */ = {
			isa = PBXReferenceProxy;
			fileType = wrapper.application;
			path = Temple4Tabbed.app;
			remoteRef = D9793F531CD231DE003E7EF1 /* PBXContainerItemProxy */;
			sourceTree = BUILT_PRODUCTS_DIR;
		};
/* End PBXReferenceProxy section */

/* Begin PBXResourcesBuildPhase section */
		D9793F041CD231C8003E7EF1 /* Resources */ = {
			isa = PBXResourcesBuildPhase;
			buildActionMask = 2147483647;
			files = (
				D9793F1C1CD231C8003E7EF1 /* LaunchScreen.storyboard in Resources */,
				D9793F191CD231C8003E7EF1 /* Assets.xcassets in Resources */,
				D9793F171CD231C8003E7EF1 /* Main.storyboard in Resources */,
			);
			runOnlyForDeploymentPostprocessing = 0;
		};
/* End PBXResourcesBuildPhase section */

/* Begin PBXSourcesBuildPhase section */
		D9793F021CD231C8003E7EF1 /* Sources */ = {
			isa = PBXSourcesBuildPhase;
			buildActionMask = 2147483647;
			files = (
				D9793F0E1CD231C8003E7EF1 /* AppDelegate.m in Sources */,
				D9793F111CD231C8003E7EF1 /* MasterViewController.m in Sources */,
				D9793F0B1CD231C8003E7EF1 /* main.m in Sources */,
				D9793F141CD231C8003E7EF1 /* DetailViewController.m in Sources */,
			);
			runOnlyForDeploymentPostprocessing = 0;
		};
/* End PBXSourcesBuildPhase section */

/* Begin PBXVariantGroup section */
		D9793F151CD231C8003E7EF1 /* Main.storyboard */ = {
			isa = PBXVariantGroup;
			children = (
				D9793F161CD231C8003E7EF1 /* Base */,
			);
			name = Main.storyboard;
			sourceTree = "<group>";
		};
		D9793F1A1CD231C8003E7EF1 /* LaunchScreen.storyboard */ = {
			isa = PBXVariantGroup;
			children = (
				D9793F1B1CD231C8003E7EF1 /* Base */,
			);
			name = LaunchScreen.storyboard;
			sourceTree = "<group>";
		};
/* End PBXVariantGroup section */

/* Begin XCBuildConfiguration section */
		D9793F1E1CD231C8003E7EF1 /* Debug */ = {
			isa = XCBuildConfiguration;
			buildSettings = {
				ALWAYS_SEARCH_USER_PATHS = NO;
				CLANG_ANALYZER_NONNULL = YES;
				CLANG_CXX_LANGUAGE_STANDARD = "gnu++0x";
				CLANG_CXX_LIBRARY = "libc++";
				CLANG_ENABLE_MODULES = YES;
				CLANG_ENABLE_OBJC_ARC = YES;
				CLANG_WARN_BOOL_CONVERSION = YES;
				CLANG_WARN_CONSTANT_CONVERSION = YES;
				CLANG_WARN_DIRECT_OBJC_ISA_USAGE = YES_ERROR;
				CLANG_WARN_EMPTY_BODY = YES;
				CLANG_WARN_ENUM_CONVERSION = YES;
				CLANG_WARN_INT_CONVERSION = YES;
				CLANG_WARN_OBJC_ROOT_CLASS = YES_ERROR;
				CLANG_WARN_UNREACHABLE_CODE = YES;
				CLANG_WARN__DUPLICATE_METHOD_MATCH = YES;
				"CODE_SIGN_IDENTITY[sdk=iphoneos*]" = "iPhone Developer";
				COPY_PHASE_STRIP = NO;
				DEBUG_INFORMATION_FORMAT = dwarf;
				ENABLE_STRICT_OBJC_MSGSEND = YES;
				ENABLE_TESTABILITY = YES;
				GCC_C_LANGUAGE_STANDARD = gnu99;
				GCC_DYNAMIC_NO_PIC = NO;
				GCC_NO_COMMON_BLOCKS = YES;
				GCC_OPTIMIZATION_LEVEL = 0;
				GCC_PREPROCESSOR_DEFINITIONS = (
					"DEBUG=1",
					"$(inherited)",
				);
				GCC_WARN_64_TO_32_BIT_CONVERSION = YES;
				GCC_WARN_ABOUT_RETURN_TYPE = YES_ERROR;
				GCC_WARN_UNDECLARED_SELECTOR = YES;
				GCC_WARN_UNINITIALIZED_AUTOS = YES_AGGRESSIVE;
				GCC_WARN_UNUSED_FUNCTION = YES;
				GCC_WARN_UNUSED_VARIABLE = YES;
				IPHONEOS_DEPLOYMENT_TARGET = 9.3;
				MTL_ENABLE_DEBUG_INFO = YES;
				ONLY_ACTIVE_ARCH = YES;
				SDKROOT = iphoneos;
			};
			name = Debug;
		};
		D9793F1F1CD231C8003E7EF1 /* Release */ = {
			isa = XCBuildConfiguration;
			buildSettings = {
				ALWAYS_SEARCH_USER_PATHS = NO;
				CLANG_ANALYZER_NONNULL = YES;
				CLANG_CXX_LANGUAGE_STANDARD = "gnu++0x";
				CLANG_CXX_LIBRARY = "libc++";
				CLANG_ENABLE_MODULES = YES;
				CLANG_ENABLE_OBJC_ARC = YES;
				CLANG_WARN_BOOL_CONVERSION = YES;
				CLANG_WARN_CONSTANT_CONVERSION = YES;
				CLANG_WARN_DIRECT_OBJC_ISA_USAGE = YES_ERROR;
				CLANG_WARN_EMPTY_BODY = YES;
				CLANG_WARN_ENUM_CONVERSION = YES;
				CLANG_WARN_INT_CONVERSION = YES;
				CLANG_WARN_OBJC_ROOT_CLASS = YES_ERROR;
				CLANG_WARN_UNREACHABLE_CODE = YES;
				CLANG_WARN__DUPLICATE_METHOD_MATCH = YES;
				"CODE_SIGN_IDENTITY[sdk=iphoneos*]" = "iPhone Developer";
				COPY_PHASE_STRIP = NO;
				DEBUG_INFORMATION_FORMAT = "dwarf-with-dsym";
				ENABLE_NS_ASSERTIONS = NO;
				ENABLE_STRICT_OBJC_MSGSEND = YES;
				GCC_C_LANGUAGE_STANDARD = gnu99;
				GCC_NO_COMMON_BLOCKS = YES;
				GCC_WARN_64_TO_32_BIT_CONVERSION = YES;
				GCC_WARN_ABOUT_RETURN_TYPE = YES_ERROR;
				GCC_WARN_UNDECLARED_SELECTOR = YES;
				GCC_WARN_UNINITIALIZED_AUTOS = YES_AGGRESSIVE;
				GCC_WARN_UNUSED_FUNCTION = YES;
				GCC_WARN_UNUSED_VARIABLE = YES;
				IPHONEOS_DEPLOYMENT_TARGET = 9.3;
				MTL_ENABLE_DEBUG_INFO = NO;
				SDKROOT = iphoneos;
				VALIDATE_PRODUCT = YES;
			};
			name = Release;
		};
		D9793F211CD231C8003E7EF1 /* Debug */ = {
			isa = XCBuildConfiguration;
			buildSettings = {
				ASSETCATALOG_COMPILER_APPICON_NAME = AppIcon;
				INFOPLIST_FILE = Temple3/Info.plist;
				LD_RUNPATH_SEARCH_PATHS = "$(inherited) @executable_path/Frameworks";
				PRODUCT_BUNDLE_IDENTIFIER = com.kumar.Temple3;
				PRODUCT_NAME = "$(TARGET_NAME)";
			};
			name = Debug;
		};
		D9793F221CD231C8003E7EF1 /* Release */ = {
			isa = XCBuildConfiguration;
			buildSettings = {
				ASSETCATALOG_COMPILER_APPICON_NAME = AppIcon;
				INFOPLIST_FILE = Temple3/Info.plist;
				LD_RUNPATH_SEARCH_PATHS = "$(inherited) @executable_path/Frameworks";
				PRODUCT_BUNDLE_IDENTIFIER = com.kumar.Temple3;
				PRODUCT_NAME = "$(TARGET_NAME)";
			};
			name = Release;
		};
/* End XCBuildConfiguration section */

/* Begin XCConfigurationList section */
		D9793F011CD231C8003E7EF1 /* Build configuration list for PBXProject "Temple3" */ = {
			isa = XCConfigurationList;
			buildConfigurations = (
				D9793F1E1CD231C8003E7EF1 /* Debug */,
				D9793F1F1CD231C8003E7EF1 /* Release */,
			);
			defaultConfigurationIsVisible = 0;
			defaultConfigurationName = Release;
		};
		D9793F201CD231C8003E7EF1 /* Build configuration list for PBXNativeTarget "Temple3" */ = {
			isa = XCConfigurationList;
			buildConfigurations = (
				D9793F211CD231C8003E7EF1 /* Debug */,
				D9793F221CD231C8003E7EF1 /* Release */,
			);
			defaultConfigurationIsVisible = 0;
		};
/* End XCConfigurationList section */
	};
	rootObject = D9793EFE1CD231C8003E7EF1 /* Project object */;
}
